
Microsoft Visual Studio Solution File, Format Version 12.00
# Visual Studio Version 16
VisualStudioVersion = 16.0.30011.22
MinimumVisualStudioVersion = 10.0.40219.1
Project("{FAE04EC0-301F-11D3-BF4B-00C04F79EFBC}") = "felipe-santos-volvoapp", "felipe-santos-volvoapp.csproj", "{C9E646F7-2563-4E26-B415-004EE511F557}"
EndProject
Global
	GlobalSection(SolutionConfigurationPlatforms) = preSolution
		Debug|Any CPU = Debug|Any CPU
		Release|Any CPU = Release|Any CPU
	EndGlobalSection
	GlobalSection(ProjectConfigurationPlatforms) = postSolution
		{C9E646F7-2563-4E26-B415-004EE511F557}.Debug|Any CPU.ActiveCfg = Debug|Any CPU
		{C9E646F7-2563-4E26-B415-004EE511F557}.Debug|Any CPU.Build.0 = Debug|Any CPU
		{C9E646F7-2563-4E26-B415-004EE511F557}.Release|Any CPU.ActiveCfg = Release|Any CPU
		{C9E646F7-2563-4E26-B415-004EE511F557}.Release|Any CPU.Build.0 = Release|Any CPU
	EndGlobalSection
	GlobalSection(SolutionProperties) = preSolution
		HideSolutionNode = FALSE
	EndGlobalSection
	GlobalSection(ExtensibilityGlobals) = postSolution
		SolutionGuid = {C87F1446-111D-4D8A-BF6C-59F547078334}
	EndGlobalSection
EndGlobal
